{
  "nodes": {
    "fenix": {
      "inputs": {
        "nixpkgs": [
          "nixpkgs"
        ],
        "rust-analyzer-src": "rust-analyzer-src"
      },
      "locked": {
        "lastModified": 1680848519,
        "narHash": "sha256-C/Jlmu5p+4B311rLEPIbUaupE249Maz+pO+MSFCeK70=",
        "owner": "nix-community",
        "repo": "fenix",
        "rev": "baf5a277b8fe0a81f5ed0078899f1a9e557255a9",
        "type": "github"
      },
      "original": {
        "owner": "nix-community",
        "repo": "fenix",
        "type": "github"
      }
    },
    "flake-utils": {
      "locked": {
        "lastModified": 1680776469,
        "narHash": "sha256-3CXUDK/3q/kieWtdsYpDOBJw3Gw4Af6x+2EiSnIkNQw=",
        "owner": "numtide",
        "repo": "flake-utils",
        "rev": "411e8764155aa9354dbcd6d5faaeb97e9e3dce24",
        "type": "github"
      },
      "original": {
        "owner": "numtide",
        "repo": "flake-utils",
        "type": "github"
      }
    },
    "nixpkgs": {
      "locked": {
        "lastModified": 1680889476,
        "narHash": "sha256-NWPzqaV1aNSsJSAeOHnCtZBkcn0U3J8548I1WvwoYqk=",
        "owner": "nixos",
        "repo": "nixpkgs",
        "rev": "aa7d667cf306b56d7b47c40aa340260d329189d6",
        "type": "github"
      },
      "original": {
        "owner": "nixos",
        "repo": "nixpkgs",
        "type": "github"
      }
    },
    "root": {
      "inputs": {
        "fenix": "fenix",
        "flake-utils": "flake-utils",
        "nixpkgs": "nixpkgs"
      }
    },
    "rust-analyzer-src": {
      "flake": false,
      "locked": {
        "lastModified": 1680815895,
        "narHash": "sha256-Q9zNL1fsBbdBUUkCMbCnexQYwT4hSA5jLVVtIBkCybs=",
        "owner": "rust-lang",
        "repo": "rust-analyzer",
        "rev": "e739c999cd23e3114187d889755eb897e02989ea",
        "type": "github"
      },
      "original": {
        "owner": "rust-lang",
        "ref": "nightly",
        "repo": "rust-analyzer",
        "type": "github"
      }
    }
  },
  "root": "root",
  "version": 7
}
